
Microsoft Visual Studio Solution File, Format Version 12.00
# Visual Studio Version 17
VisualStudioVersion = 17.14.35806.103 d17.14
MinimumVisualStudioVersion = 10.0.40219.1
Project("{FAE04EC0-301F-11D3-BF4B-00C04F79EFBC}") = "Quanlilaptop", "Quanlilaptop\Quanlilaptop.csproj", "{BE2BF5ED-5543-43B7-9B8D-99BEA1134F01}"
EndProject
Global
	GlobalSection(SolutionConfigurationPlatforms) = preSolution
		Debug|Any CPU = Debug|Any CPU
		Release|Any CPU = Release|Any CPU
	EndGlobalSection
	GlobalSection(ProjectConfigurationPlatforms) = postSolution
		{BE2BF5ED-5543-43B7-9B8D-99BEA1134F01}.Debug|Any CPU.ActiveCfg = Debug|Any CPU
		{BE2BF5ED-5543-43B7-9B8D-99BEA1134F01}.Debug|Any CPU.Build.0 = Debug|Any CPU
		{BE2BF5ED-5543-43B7-9B8D-99BEA1134F01}.Release|Any CPU.ActiveCfg = Release|Any CPU
		{BE2BF5ED-5543-43B7-9B8D-99BEA1134F01}.Release|Any CPU.Build.0 = Release|Any CPU
	EndGlobalSection
	GlobalSection(SolutionProperties) = preSolution
		HideSolutionNode = FALSE
	EndGlobalSection
	GlobalSection(ExtensibilityGlobals) = postSolution
		SolutionGuid = {22545F40-5613-4E69-914E-59F591590464}
	EndGlobalSection
EndGlobal
